
Microsoft Visual Studio Solution File, Format Version 12.00
# Visual Studio Version 16
VisualStudioVersion = 16.0.29209.62
MinimumVisualStudioVersion = 10.0.40219.1
Project("{FAE04EC0-301F-11D3-BF4B-00C04F79EFBC}") = "week7_fit5032", "week7_fit5032\week7_fit5032.csproj", "{C483602C-01FF-46A7-90FC-55E8CB499BB9}"
EndProject
Global
	GlobalSection(SolutionConfigurationPlatforms) = preSolution
		Debug|Any CPU = Debug|Any CPU
		Release|Any CPU = Release|Any CPU
	EndGlobalSection
	GlobalSection(ProjectConfigurationPlatforms) = postSolution
		{C483602C-01FF-46A7-90FC-55E8CB499BB9}.Debug|Any CPU.ActiveCfg = Debug|Any CPU
		{C483602C-01FF-46A7-90FC-55E8CB499BB9}.Debug|Any CPU.Build.0 = Debug|Any CPU
		{C483602C-01FF-46A7-90FC-55E8CB499BB9}.Release|Any CPU.ActiveCfg = Release|Any CPU
		{C483602C-01FF-46A7-90FC-55E8CB499BB9}.Release|Any CPU.Build.0 = Release|Any CPU
	EndGlobalSection
	GlobalSection(SolutionProperties) = preSolution
		HideSolutionNode = FALSE
	EndGlobalSection
	GlobalSection(ExtensibilityGlobals) = postSolution
		SolutionGuid = {20D2CD62-2CCD-43B0-B989-56C14688C5CC}
	EndGlobalSection
EndGlobal
